
Microsoft Visual Studio Solution File, Format Version 12.00
# Visual Studio Version 16
VisualStudioVersion = 16.0.809.6
MinimumVisualStudioVersion = 10.0.40219.1
Project("{FAE04EC0-301F-11D3-BF4B-00C04F79EFBC}") = "hw_2", "hw_2\hw_2.csproj", "{D07EF4E1-1FF2-4708-91C8-6BD1CF447433}"
EndProject
Global
	GlobalSection(SolutionConfigurationPlatforms) = preSolution
		Debug|Any CPU = Debug|Any CPU
		Release|Any CPU = Release|Any CPU
	EndGlobalSection
	GlobalSection(ProjectConfigurationPlatforms) = postSolution
		{D07EF4E1-1FF2-4708-91C8-6BD1CF447433}.Debug|Any CPU.ActiveCfg = Debug|Any CPU
		{D07EF4E1-1FF2-4708-91C8-6BD1CF447433}.Debug|Any CPU.Build.0 = Debug|Any CPU
		{D07EF4E1-1FF2-4708-91C8-6BD1CF447433}.Release|Any CPU.ActiveCfg = Release|Any CPU
		{D07EF4E1-1FF2-4708-91C8-6BD1CF447433}.Release|Any CPU.Build.0 = Release|Any CPU
	EndGlobalSection
	GlobalSection(SolutionProperties) = preSolution
		HideSolutionNode = FALSE
	EndGlobalSection
	GlobalSection(ExtensibilityGlobals) = postSolution
		SolutionGuid = {C1DF2AAE-D038-4074-BB70-C177864000D1}
	EndGlobalSection
EndGlobal
